// !$*UTF8*$!
{
	archiveVersion = 1;
	classes = {
	};
	objectVersion = 46;
	objects = {

/* Begin PBXBuildFile section */
		4215BC3E00EBF63A3A1676A2 /* Pods_SocialAppUITests.framework in Frameworks */ = {isa = PBXBuildFile; fileRef = BFBB4FF7E5F1B1A9E356A1BA /* Pods_SocialAppUITests.framework */; };
		4B109CFEED73B0558E025F86 /* Pods_SocialApp.framework in Frameworks */ = {isa = PBXBuildFile; fileRef = BC577D9C816479F28C95CED3 /* Pods_SocialApp.framework */; };
		8B51024A397AA18CB5B88ACB /* Pods_SocialAppTests.framework in Frameworks */ = {isa = PBXBuildFile; fileRef = B11EDE6319D8E9E793C40939 /* Pods_SocialAppTests.framework */; };
		94FE842D1EEF434B007DC2F9 /* AppDelegate.swift in Sources */ = {isa = PBXBuildFile; fileRef = 94FE842C1EEF434B007DC2F9 /* AppDelegate.swift */; };
		94FE842F1EEF434B007DC2F9 /* SignInVC.swift in Sources */ = {isa = PBXBuildFile; fileRef = 94FE842E1EEF434B007DC2F9 /* SignInVC.swift */; };
		94FE84321EEF434B007DC2F9 /* Main.storyboard in Resources */ = {isa = PBXBuildFile; fileRef = 94FE84301EEF434B007DC2F9 /* Main.storyboard */; };
		94FE84341EEF434B007DC2F9 /* Assets.xcassets in Resources */ = {isa = PBXBuildFile; fileRef = 94FE84331EEF434B007DC2F9 /* Assets.xcassets */; };
		94FE84371EEF434B007DC2F9 /* LaunchScreen.storyboard in Resources */ = {isa = PBXBuildFile; fileRef = 94FE84351EEF434B007DC2F9 /* LaunchScreen.storyboard */; };
		94FE84421EEF434B007DC2F9 /* SocialAppTests.swift in Sources */ = {isa = PBXBuildFile; fileRef = 94FE84411EEF434B007DC2F9 /* SocialAppTests.swift */; };
		94FE844D1EEF434B007DC2F9 /* SocialAppUITests.swift in Sources */ = {isa = PBXBuildFile; fileRef = 94FE844C1EEF434B007DC2F9 /* SocialAppUITests.swift */; };
		94FE845B1EEF557B007DC2F9 /* GoogleService-Info.plist in Resources */ = {isa = PBXBuildFile; fileRef = 94FE845A1EEF557B007DC2F9 /* GoogleService-Info.plist */; };
/* End PBXBuildFile section */

/* Begin PBXContainerItemProxy section */
		94FE843E1EEF434B007DC2F9 /* PBXContainerItemProxy */ = {
			isa = PBXContainerItemProxy;
			containerPortal = 94FE84211EEF434B007DC2F9 /* Project object */;
			proxyType = 1;
			remoteGlobalIDString = 94FE84281EEF434B007DC2F9;
			remoteInfo = SocialApp;
		};
		94FE84491EEF434B007DC2F9 /* PBXContainerItemProxy */ = {
			isa = PBXContainerItemProxy;
			containerPortal = 94FE84211EEF434B007DC2F9 /* Project object */;
			proxyType = 1;
			remoteGlobalIDString = 94FE84281EEF434B007DC2F9;
			remoteInfo = SocialApp;
		};
/* End PBXContainerItemProxy section */

/* Begin PBXFileReference section */
		1FA2307ECDDFD017D390D42B /* Pods-SocialAppUITests.debug.xcconfig */ = {isa = PBXFileReference; includeInIndex = 1; lastKnownFileType = text.xcconfig; name = "Pods-SocialAppUITests.debug.xcconfig"; path = "Pods/Target Support Files/Pods-SocialAppUITests/Pods-SocialAppUITests.debug.xcconfig"; sourceTree = "<group>"; };
		3A9864DDAF5F650925EC412D /* Pods-SocialAppTests.release.xcconfig */ = {isa = PBXFileReference; includeInIndex = 1; lastKnownFileType = text.xcconfig; name = "Pods-SocialAppTests.release.xcconfig"; path = "Pods/Target Support Files/Pods-SocialAppTests/Pods-SocialAppTests.release.xcconfig"; sourceTree = "<group>"; };
		44F084BED1EDB7F79F2120A4 /* Pods-SocialApp.debug.xcconfig */ = {isa = PBXFileReference; includeInIndex = 1; lastKnownFileType = text.xcconfig; name = "Pods-SocialApp.debug.xcconfig"; path = "Pods/Target Support Files/Pods-SocialApp/Pods-SocialApp.debug.xcconfig"; sourceTree = "<group>"; };
		8FBCCF93617219C8440105BF /* Pods-SocialAppTests.debug.xcconfig */ = {isa = PBXFileReference; includeInIndex = 1; lastKnownFileType = text.xcconfig; name = "Pods-SocialAppTests.debug.xcconfig"; path = "Pods/Target Support Files/Pods-SocialAppTests/Pods-SocialAppTests.debug.xcconfig"; sourceTree = "<group>"; };
		94FE84291EEF434B007DC2F9 /* SocialApp.app */ = {isa = PBXFileReference; explicitFileType = wrapper.application; includeInIndex = 0; path = SocialApp.app; sourceTree = BUILT_PRODUCTS_DIR; };
		94FE842C1EEF434B007DC2F9 /* AppDelegate.swift */ = {isa = PBXFileReference; lastKnownFileType = sourcecode.swift; path = AppDelegate.swift; sourceTree = "<group>"; };
		94FE842E1EEF434B007DC2F9 /* SignInVC.swift */ = {isa = PBXFileReference; lastKnownFileType = sourcecode.swift; name = SignInVC.swift; path = SocialApp/SignInVC.swift; sourceTree = "<group>"; };
		94FE84311EEF434B007DC2F9 /* Base */ = {isa = PBXFileReference; lastKnownFileType = file.storyboard; name = Base; path = Base.lproj/Main.storyboard; sourceTree = "<group>"; };
		94FE84331EEF434B007DC2F9 /* Assets.xcassets */ = {isa = PBXFileReference; lastKnownFileType = folder.assetcatalog; path = Assets.xcassets; sourceTree = "<group>"; };
		94FE84361EEF434B007DC2F9 /* Base */ = {isa = PBXFileReference; lastKnownFileType = file.storyboard; name = Base; path = Base.lproj/LaunchScreen.storyboard; sourceTree = "<group>"; };
		94FE84381EEF434B007DC2F9 /* Info.plist */ = {isa = PBXFileReference; lastKnownFileType = text.plist.xml; path = Info.plist; sourceTree = "<group>"; };
		94FE843D1EEF434B007DC2F9 /* SocialAppTests.xctest */ = {isa = PBXFileReference; explicitFileType = wrapper.cfbundle; includeInIndex = 0; path = SocialAppTests.xctest; sourceTree = BUILT_PRODUCTS_DIR; };
		94FE84411EEF434B007DC2F9 /* SocialAppTests.swift */ = {isa = PBXFileReference; lastKnownFileType = sourcecode.swift; path = SocialAppTests.swift; sourceTree = "<group>"; };
		94FE84431EEF434B007DC2F9 /* Info.plist */ = {isa = PBXFileReference; lastKnownFileType = text.plist.xml; path = Info.plist; sourceTree = "<group>"; };
		94FE84481EEF434B007DC2F9 /* SocialAppUITests.xctest */ = {isa = PBXFileReference; explicitFileType = wrapper.cfbundle; includeInIndex = 0; path = SocialAppUITests.xctest; sourceTree = BUILT_PRODUCTS_DIR; };
		94FE844C1EEF434B007DC2F9 /* SocialAppUITests.swift */ = {isa = PBXFileReference; lastKnownFileType = sourcecode.swift; path = SocialAppUITests.swift; sourceTree = "<group>"; };
		94FE844E1EEF434B007DC2F9 /* Info.plist */ = {isa = PBXFileReference; lastKnownFileType = text.plist.xml; path = Info.plist; sourceTree = "<group>"; };
		94FE845A1EEF557B007DC2F9 /* GoogleService-Info.plist */ = {isa = PBXFileReference; fileEncoding = 4; lastKnownFileType = text.plist.xml; path = "GoogleService-Info.plist"; sourceTree = "<group>"; };
		9B116A95E9447352D1C27CEA /* Pods-SocialAppUITests.release.xcconfig */ = {isa = PBXFileReference; includeInIndex = 1; lastKnownFileType = text.xcconfig; name = "Pods-SocialAppUITests.release.xcconfig"; path = "Pods/Target Support Files/Pods-SocialAppUITests/Pods-SocialAppUITests.release.xcconfig"; sourceTree = "<group>"; };
		B11EDE6319D8E9E793C40939 /* Pods_SocialAppTests.framework */ = {isa = PBXFileReference; explicitFileType = wrapper.framework; includeInIndex = 0; path = Pods_SocialAppTests.framework; sourceTree = BUILT_PRODUCTS_DIR; };
		BC577D9C816479F28C95CED3 /* Pods_SocialApp.framework */ = {isa = PBXFileReference; explicitFileType = wrapper.framework; includeInIndex = 0; path = Pods_SocialApp.framework; sourceTree = BUILT_PRODUCTS_DIR; };
		BFBB4FF7E5F1B1A9E356A1BA /* Pods_SocialAppUITests.framework */ = {isa = PBXFileReference; explicitFileType = wrapper.framework; includeInIndex = 0; path = Pods_SocialAppUITests.framework; sourceTree = BUILT_PRODUCTS_DIR; };
		E83762088018FD4D4069F7E4 /* Pods-SocialApp.release.xcconfig */ = {isa = PBXFileReference; includeInIndex = 1; lastKnownFileType = text.xcconfig; name = "Pods-SocialApp.release.xcconfig"; path = "Pods/Target Support Files/Pods-SocialApp/Pods-SocialApp.release.xcconfig"; sourceTree = "<group>"; };
/* End PBXFileReference section */

/* Begin PBXFrameworksBuildPhase section */
		94FE84261EEF434B007DC2F9 /* Frameworks */ = {
			isa = PBXFrameworksBuildPhase;
			buildActionMask = 2147483647;
			files = (
				4B109CFEED73B0558E025F86 /* Pods_SocialApp.framework in Frameworks */,
			);
			runOnlyForDeploymentPostprocessing = 0;
		};
		94FE843A1EEF434B007DC2F9 /* Frameworks */ = {
			isa = PBXFrameworksBuildPhase;
			buildActionMask = 2147483647;
			files = (
				8B51024A397AA18CB5B88ACB /* Pods_SocialAppTests.framework in Frameworks */,
			);
			runOnlyForDeploymentPostprocessing = 0;
		};
		94FE84451EEF434B007DC2F9 /* Frameworks */ = {
			isa = PBXFrameworksBuildPhase;
			buildActionMask = 2147483647;
			files = (
				4215BC3E00EBF63A3A1676A2 /* Pods_SocialAppUITests.framework in Frameworks */,
			);
			runOnlyForDeploymentPostprocessing = 0;
		};
/* End PBXFrameworksBuildPhase section */

/* Begin PBXGroup section */
		9417F5881EEF5814008442D2 /* Model */ = {
			isa = PBXGroup;
			children = (
			);
			name = Model;
			sourceTree = "<group>";
		};
		9417F5891EEF581A008442D2 /* Controller */ = {
			isa = PBXGroup;
			children = (
				94FE842E1EEF434B007DC2F9 /* SignInVC.swift */,
			);
			name = Controller;
			sourceTree = "<group>";
		};
		9417F58A1EEF5821008442D2 /* View */ = {
			isa = PBXGroup;
			children = (
			);
			name = View;
			sourceTree = "<group>";
		};
		94FE84201EEF434B007DC2F9 = {
			isa = PBXGroup;
			children = (
				9417F58A1EEF5821008442D2 /* View */,
				9417F5891EEF581A008442D2 /* Controller */,
				9417F5881EEF5814008442D2 /* Model */,
				94FE842B1EEF434B007DC2F9 /* SocialApp */,
				94FE84401EEF434B007DC2F9 /* SocialAppTests */,
				94FE844B1EEF434B007DC2F9 /* SocialAppUITests */,
				94FE842A1EEF434B007DC2F9 /* Products */,
				ECF530511AA6F28BC948B512 /* Pods */,
				F2118B8285EE789409352D33 /* Frameworks */,
			);
			sourceTree = "<group>";
		};
		94FE842A1EEF434B007DC2F9 /* Products */ = {
			isa = PBXGroup;
			children = (
				94FE84291EEF434B007DC2F9 /* SocialApp.app */,
				94FE843D1EEF434B007DC2F9 /* SocialAppTests.xctest */,
				94FE84481EEF434B007DC2F9 /* SocialAppUITests.xctest */,
			);
			name = Products;
			sourceTree = "<group>";
		};
		94FE842B1EEF434B007DC2F9 /* SocialApp */ = {
			isa = PBXGroup;
			children = (
				94FE842C1EEF434B007DC2F9 /* AppDelegate.swift */,
				94FE84301EEF434B007DC2F9 /* Main.storyboard */,
				94FE84331EEF434B007DC2F9 /* Assets.xcassets */,
				94FE84351EEF434B007DC2F9 /* LaunchScreen.storyboard */,
				94FE84381EEF434B007DC2F9 /* Info.plist */,
				94FE845A1EEF557B007DC2F9 /* GoogleService-Info.plist */,
			);
			path = SocialApp;
			sourceTree = "<group>";
		};
		94FE84401EEF434B007DC2F9 /* SocialAppTests */ = {
			isa = PBXGroup;
			children = (
				94FE84411EEF434B007DC2F9 /* SocialAppTests.swift */,
				94FE84431EEF434B007DC2F9 /* Info.plist */,
			);
			path = SocialAppTests;
			sourceTree = "<group>";
		};
		94FE844B1EEF434B007DC2F9 /* SocialAppUITests */ = {
			isa = PBXGroup;
			children = (
				94FE844C1EEF434B007DC2F9 /* SocialAppUITests.swift */,
				94FE844E1EEF434B007DC2F9 /* Info.plist */,
			);
			path = SocialAppUITests;
			sourceTree = "<group>";
		};
		ECF530511AA6F28BC948B512 /* Pods */ = {
			isa = PBXGroup;
			children = (
				44F084BED1EDB7F79F2120A4 /* Pods-SocialApp.debug.xcconfig */,
				E83762088018FD4D4069F7E4 /* Pods-SocialApp.release.xcconfig */,
				8FBCCF93617219C8440105BF /* Pods-SocialAppTests.debug.xcconfig */,
				3A9864DDAF5F650925EC412D /* Pods-SocialAppTests.release.xcconfig */,
				1FA2307ECDDFD017D390D42B /* Pods-SocialAppUITests.debug.xcconfig */,
				9B116A95E9447352D1C27CEA /* Pods-SocialAppUITests.release.xcconfig */,
			);
			name = Pods;
			sourceTree = "<group>";
		};
		F2118B8285EE789409352D33 /* Frameworks */ = {
			isa = PBXGroup;
			children = (
				BC577D9C816479F28C95CED3 /* Pods_SocialApp.framework */,
				B11EDE6319D8E9E793C40939 /* Pods_SocialAppTests.framework */,
				BFBB4FF7E5F1B1A9E356A1BA /* Pods_SocialAppUITests.framework */,
			);
			name = Frameworks;
			sourceTree = "<group>";
		};
/* End PBXGroup section */

/* Begin PBXNativeTarget section */
		94FE84281EEF434B007DC2F9 /* SocialApp */ = {
			isa = PBXNativeTarget;
			buildConfigurationList = 94FE84511EEF434B007DC2F9 /* Build configuration list for PBXNativeTarget "SocialApp" */;
			buildPhases = (
				1414F09BF6A8536C918CF9EB /* [CP] Check Pods Manifest.lock */,
				94FE84251EEF434B007DC2F9 /* Sources */,
				94FE84261EEF434B007DC2F9 /* Frameworks */,
				94FE84271EEF434B007DC2F9 /* Resources */,
				8AC22D80E0AA8BB0B67BF5AB /* [CP] Embed Pods Frameworks */,
				EEF67B1812D36DC560732AA8 /* [CP] Copy Pods Resources */,
			);
			buildRules = (
			);
			dependencies = (
			);
			name = SocialApp;
			productName = SocialApp;
			productReference = 94FE84291EEF434B007DC2F9 /* SocialApp.app */;
			productType = "com.apple.product-type.application";
		};
		94FE843C1EEF434B007DC2F9 /* SocialAppTests */ = {
			isa = PBXNativeTarget;
			buildConfigurationList = 94FE84541EEF434B007DC2F9 /* Build configuration list for PBXNativeTarget "SocialAppTests" */;
			buildPhases = (
				320B2C2C451309428911E42F /* [CP] Check Pods Manifest.lock */,
				94FE84391EEF434B007DC2F9 /* Sources */,
				94FE843A1EEF434B007DC2F9 /* Frameworks */,
				94FE843B1EEF434B007DC2F9 /* Resources */,
				46FD644D520D832952CF6F09 /* [CP] Embed Pods Frameworks */,
				CA37979CAC03A5A8CBB385FF /* [CP] Copy Pods Resources */,
			);
			buildRules = (
			);
			dependencies = (
				94FE843F1EEF434B007DC2F9 /* PBXTargetDependency */,
			);
			name = SocialAppTests;
			productName = SocialAppTests;
			productReference = 94FE843D1EEF434B007DC2F9 /* SocialAppTests.xctest */;
			productType = "com.apple.product-type.bundle.unit-test";
		};
		94FE84471EEF434B007DC2F9 /* SocialAppUITests */ = {
			isa = PBXNativeTarget;
			buildConfigurationList = 94FE84571EEF434B007DC2F9 /* Build configuration list for PBXNativeTarget "SocialAppUITests" */;
			buildPhases = (
				A366550AC62AF90CC3557E60 /* [CP] Check Pods Manifest.lock */,
				94FE84441EEF434B007DC2F9 /* Sources */,
				94FE84451EEF434B007DC2F9 /* Frameworks */,
				94FE84461EEF434B007DC2F9 /* Resources */,
				74D9BF97D3EB1749E61241E2 /* [CP] Embed Pods Frameworks */,
				A3B8FC31ABE6E1408B4611DC /* [CP] Copy Pods Resources */,
			);
			buildRules = (
			);
			dependencies = (
				94FE844A1EEF434B007DC2F9 /* PBXTargetDependency */,
			);
			name = SocialAppUITests;
			productName = SocialAppUITests;
			productReference = 94FE84481EEF434B007DC2F9 /* SocialAppUITests.xctest */;
			productType = "com.apple.product-type.bundle.ui-testing";
		};
/* End PBXNativeTarget section */

/* Begin PBXProject section */
		94FE84211EEF434B007DC2F9 /* Project object */ = {
			isa = PBXProject;
			attributes = {
				LastSwiftUpdateCheck = 0830;
				LastUpgradeCheck = 0830;
				ORGANIZATIONNAME = Sphexis;
				TargetAttributes = {
					94FE84281EEF434B007DC2F9 = {
						CreatedOnToolsVersion = 8.3.2;
						DevelopmentTeam = 8N7923E3UN;
						ProvisioningStyle = Automatic;
					};
					94FE843C1EEF434B007DC2F9 = {
						CreatedOnToolsVersion = 8.3.2;
						DevelopmentTeam = 8N7923E3UN;
						ProvisioningStyle = Automatic;
						TestTargetID = 94FE84281EEF434B007DC2F9;
					};
					94FE84471EEF434B007DC2F9 = {
						CreatedOnToolsVersion = 8.3.2;
						DevelopmentTeam = 8N7923E3UN;
						ProvisioningStyle = Automatic;
						TestTargetID = 94FE84281EEF434B007DC2F9;
					};
				};
			};
			buildConfigurationList = 94FE84241EEF434B007DC2F9 /* Build configuration list for PBXProject "SocialApp" */;
			compatibilityVersion = "Xcode 3.2";
			developmentRegion = English;
			hasScannedForEncodings = 0;
			knownRegions = (
				en,
				Base,
			);
			mainGroup = 94FE84201EEF434B007DC2F9;
			productRefGroup = 94FE842A1EEF434B007DC2F9 /* Products */;
			projectDirPath = "";
			projectRoot = "";
			targets = (
				94FE84281EEF434B007DC2F9 /* SocialApp */,
				94FE843C1EEF434B007DC2F9 /* SocialAppTests */,
				94FE84471EEF434B007DC2F9 /* SocialAppUITests */,
			);
		};
/* End PBXProject section */

/* Begin PBXResourcesBuildPhase section */
		94FE84271EEF434B007DC2F9 /* Resources */ = {
			isa = PBXResourcesBuildPhase;
			buildActionMask = 2147483647;
			files = (
				94FE84371EEF434B007DC2F9 /* LaunchScreen.storyboard in Resources */,
				94FE845B1EEF557B007DC2F9 /* GoogleService-Info.plist in Resources */,
				94FE84341EEF434B007DC2F9 /* Assets.xcassets in Resources */,
				94FE84321EEF434B007DC2F9 /* Main.storyboard in Resources */,
			);
			runOnlyForDeploymentPostprocessing = 0;
		};
		94FE843B1EEF434B007DC2F9 /* Resources */ = {
			isa = PBXResourcesBuildPhase;
			buildActionMask = 2147483647;
			files = (
			);
			runOnlyForDeploymentPostprocessing = 0;
		};
		94FE84461EEF434B007DC2F9 /* Resources */ = {
			isa = PBXResourcesBuildPhase;
			buildActionMask = 2147483647;
			files = (
			);
			runOnlyForDeploymentPostprocessing = 0;
		};
/* End PBXResourcesBuildPhase section */

/* Begin PBXShellScriptBuildPhase section */
		1414F09BF6A8536C918CF9EB /* [CP] Check Pods Manifest.lock */ = {
			isa = PBXShellScriptBuildPhase;
			buildActionMask = 2147483647;
			files = (
			);
			inputPaths = (
			);
			name = "[CP] Check Pods Manifest.lock";
			outputPaths = (
			);
			runOnlyForDeploymentPostprocessing = 0;
			shellPath = /bin/sh;
			shellScript = "diff \"${PODS_ROOT}/../Podfile.lock\" \"${PODS_ROOT}/Manifest.lock\" > /dev/null\nif [ $? != 0 ] ; then\n    # print error to STDERR\n    echo \"error: The sandbox is not in sync with the Podfile.lock. Run 'pod install' or update your CocoaPods installation.\" >&2\n    exit 1\nfi\n";
			showEnvVarsInLog = 0;
		};
		320B2C2C451309428911E42F /* [CP] Check Pods Manifest.lock */ = {
			isa = PBXShellScriptBuildPhase;
			buildActionMask = 2147483647;
			files = (
			);
			inputPaths = (
			);
			name = "[CP] Check Pods Manifest.lock";
			outputPaths = (
			);
			runOnlyForDeploymentPostprocessing = 0;
			shellPath = /bin/sh;
			shellScript = "diff \"${PODS_ROOT}/../Podfile.lock\" \"${PODS_ROOT}/Manifest.lock\" > /dev/null\nif [ $? != 0 ] ; then\n    # print error to STDERR\n    echo \"error: The sandbox is not in sync with the Podfile.lock. Run 'pod install' or update your CocoaPods installation.\" >&2\n    exit 1\nfi\n";
			showEnvVarsInLog = 0;
		};
		46FD644D520D832952CF6F09 /* [CP] Embed Pods Frameworks */ = {
			isa = PBXShellScriptBuildPhase;
			buildActionMask = 2147483647;
			files = (
			);
			inputPaths = (
			);
			name = "[CP] Embed Pods Frameworks";
			outputPaths = (
			);
			runOnlyForDeploymentPostprocessing = 0;
			shellPath = /bin/sh;
			shellScript = "\"${SRCROOT}/Pods/Target Support Files/Pods-SocialAppTests/Pods-SocialAppTests-frameworks.sh\"\n";
			showEnvVarsInLog = 0;
		};
		74D9BF97D3EB1749E61241E2 /* [CP] Embed Pods Frameworks */ = {
			isa = PBXShellScriptBuildPhase;
			buildActionMask = 2147483647;
			files = (
			);
			inputPaths = (
			);
			name = "[CP] Embed Pods Frameworks";
			outputPaths = (
			);
			runOnlyForDeploymentPostprocessing = 0;
			shellPath = /bin/sh;
			shellScript = "\"${SRCROOT}/Pods/Target Support Files/Pods-SocialAppUITests/Pods-SocialAppUITests-frameworks.sh\"\n";
			showEnvVarsInLog = 0;
		};
		8AC22D80E0AA8BB0B67BF5AB /* [CP] Embed Pods Frameworks */ = {
			isa = PBXShellScriptBuildPhase;
			buildActionMask = 2147483647;
			files = (
			);
			inputPaths = (
			);
			name = "[CP] Embed Pods Frameworks";
			outputPaths = (
			);
			runOnlyForDeploymentPostprocessing = 0;
			shellPath = /bin/sh;
			shellScript = "\"${SRCROOT}/Pods/Target Support Files/Pods-SocialApp/Pods-SocialApp-frameworks.sh\"\n";
			showEnvVarsInLog = 0;
		};
		A366550AC62AF90CC3557E60 /* [CP] Check Pods Manifest.lock */ = {
			isa = PBXShellScriptBuildPhase;
			buildActionMask = 2147483647;
			files = (
			);
			inputPaths = (
			);
			name = "[CP] Check Pods Manifest.lock";
			outputPaths = (
			);
			runOnlyForDeploymentPostprocessing = 0;
			shellPath = /bin/sh;
			shellScript = "diff \"${PODS_ROOT}/../Podfile.lock\" \"${PODS_ROOT}/Manifest.lock\" > /dev/null\nif [ $? != 0 ] ; then\n    # print error to STDERR\n    echo \"error: The sandbox is not in sync with the Podfile.lock. Run 'pod install' or update your CocoaPods installation.\" >&2\n    exit 1\nfi\n";
			showEnvVarsInLog = 0;
		};
		A3B8FC31ABE6E1408B4611DC /* [CP] Copy Pods Resources */ = {
			isa = PBXShellScriptBuildPhase;
			buildActionMask = 2147483647;
			files = (
			);
			inputPaths = (
			);
			name = "[CP] Copy Pods Resources";
			outputPaths = (
			);
			runOnlyForDeploymentPostprocessing = 0;
			shellPath = /bin/sh;
			shellScript = "\"${SRCROOT}/Pods/Target Support Files/Pods-SocialAppUITests/Pods-SocialAppUITests-resources.sh\"\n";
			showEnvVarsInLog = 0;
		};
		CA37979CAC03A5A8CBB385FF /* [CP] Copy Pods Resources */ = {
			isa = PBXShellScriptBuildPhase;
			buildActionMask = 2147483647;
			files = (
			);
			inputPaths = (
			);
			name = "[CP] Copy Pods Resources";
			outputPaths = (
			);
			runOnlyForDeploymentPostprocessing = 0;
			shellPath = /bin/sh;
			shellScript = "\"${SRCROOT}/Pods/Target Support Files/Pods-SocialAppTests/Pods-SocialAppTests-resources.sh\"\n";
			showEnvVarsInLog = 0;
		};
		EEF67B1812D36DC560732AA8 /* [CP] Copy Pods Resources */ = {
			isa = PBXShellScriptBuildPhase;
			buildActionMask = 2147483647;
			files = (
			);
			inputPaths = (
			);
			name = "[CP] Copy Pods Resources";
			outputPaths = (
			);
			runOnlyForDeploymentPostprocessing = 0;
			shellPath = /bin/sh;
			shellScript = "\"${SRCROOT}/Pods/Target Support Files/Pods-SocialApp/Pods-SocialApp-resources.sh\"\n";
			showEnvVarsInLog = 0;
		};
/* End PBXShellScriptBuildPhase section */

/* Begin PBXSourcesBuildPhase section */
		94FE84251EEF434B007DC2F9 /* Sources */ = {
			isa = PBXSourcesBuildPhase;
			buildActionMask = 2147483647;
			files = (
				94FE842F1EEF434B007DC2F9 /* SignInVC.swift in Sources */,
				94FE842D1EEF434B007DC2F9 /* AppDelegate.swift in Sources */,
			);
			runOnlyForDeploymentPostprocessing = 0;
		};
		94FE84391EEF434B007DC2F9 /* Sources */ = {
			isa = PBXSourcesBuildPhase;
			buildActionMask = 2147483647;
			files = (
				94FE84421EEF434B007DC2F9 /* SocialAppTests.swift in Sources */,
			);
			runOnlyForDeploymentPostprocessing = 0;
		};
		94FE84441EEF434B007DC2F9 /* Sources */ = {
			isa = PBXSourcesBuildPhase;
			buildActionMask = 2147483647;
			files = (
				94FE844D1EEF434B007DC2F9 /* SocialAppUITests.swift in Sources */,
			);
			runOnlyForDeploymentPostprocessing = 0;
		};
/* End PBXSourcesBuildPhase section */

/* Begin PBXTargetDependency section */
		94FE843F1EEF434B007DC2F9 /* PBXTargetDependency */ = {
			isa = PBXTargetDependency;
			target = 94FE84281EEF434B007DC2F9 /* SocialApp */;
			targetProxy = 94FE843E1EEF434B007DC2F9 /* PBXContainerItemProxy */;
		};
		94FE844A1EEF434B007DC2F9 /* PBXTargetDependency */ = {
			isa = PBXTargetDependency;
			target = 94FE84281EEF434B007DC2F9 /* SocialApp */;
			targetProxy = 94FE84491EEF434B007DC2F9 /* PBXContainerItemProxy */;
		};
/* End PBXTargetDependency section */

/* Begin PBXVariantGroup section */
		94FE84301EEF434B007DC2F9 /* Main.storyboard */ = {
			isa = PBXVariantGroup;
			children = (
				94FE84311EEF434B007DC2F9 /* Base */,
			);
			name = Main.storyboard;
			sourceTree = "<group>";
		};
		94FE84351EEF434B007DC2F9 /* LaunchScreen.storyboard */ = {
			isa = PBXVariantGroup;
			children = (
				94FE84361EEF434B007DC2F9 /* Base */,
			);
			name = LaunchScreen.storyboard;
			sourceTree = "<group>";
		};
/* End PBXVariantGroup section */

/* Begin XCBuildConfiguration section */
		94FE844F1EEF434B007DC2F9 /* Debug */ = {
			isa = XCBuildConfiguration;
			buildSettings = {
				ALWAYS_SEARCH_USER_PATHS = NO;
				CLANG_ANALYZER_NONNULL = YES;
				CLANG_ANALYZER_NUMBER_OBJECT_CONVERSION = YES_AGGRESSIVE;
				CLANG_CXX_LANGUAGE_STANDARD = "gnu++0x";
				CLANG_CXX_LIBRARY = "libc++";
				CLANG_ENABLE_MODULES = YES;
				CLANG_ENABLE_OBJC_ARC = YES;
				CLANG_WARN_BOOL_CONVERSION = YES;
				CLANG_WARN_CONSTANT_CONVERSION = YES;
				CLANG_WARN_DIRECT_OBJC_ISA_USAGE = YES_ERROR;
				CLANG_WARN_DOCUMENTATION_COMMENTS = YES;
				CLANG_WARN_EMPTY_BODY = YES;
				CLANG_WARN_ENUM_CONVERSION = YES;
				CLANG_WARN_INFINITE_RECURSION = YES;
				CLANG_WARN_INT_CONVERSION = YES;
				CLANG_WARN_OBJC_ROOT_CLASS = YES_ERROR;
				CLANG_WARN_SUSPICIOUS_MOVE = YES;
				CLANG_WARN_UNREACHABLE_CODE = YES;
				CLANG_WARN__DUPLICATE_METHOD_MATCH = YES;
				"CODE_SIGN_IDENTITY[sdk=iphoneos*]" = "iPhone Developer";
				COPY_PHASE_STRIP = NO;
				DEBUG_INFORMATION_FORMAT = dwarf;
				ENABLE_STRICT_OBJC_MSGSEND = YES;
				ENABLE_TESTABILITY = YES;
				GCC_C_LANGUAGE_STANDARD = gnu99;
				GCC_DYNAMIC_NO_PIC = NO;
				GCC_NO_COMMON_BLOCKS = YES;
				GCC_OPTIMIZATION_LEVEL = 0;
				GCC_PREPROCESSOR_DEFINITIONS = (
					"DEBUG=1",
					"$(inherited)",
				);
				GCC_WARN_64_TO_32_BIT_CONVERSION = YES;
				GCC_WARN_ABOUT_RETURN_TYPE = YES_ERROR;
				GCC_WARN_UNDECLARED_SELECTOR = YES;
				GCC_WARN_UNINITIALIZED_AUTOS = YES_AGGRESSIVE;
				GCC_WARN_UNUSED_FUNCTION = YES;
				GCC_WARN_UNUSED_VARIABLE = YES;
				IPHONEOS_DEPLOYMENT_TARGET = 10.3;
				MTL_ENABLE_DEBUG_INFO = YES;
				ONLY_ACTIVE_ARCH = YES;
				SDKROOT = iphoneos;
				SWIFT_ACTIVE_COMPILATION_CONDITIONS = DEBUG;
				SWIFT_OPTIMIZATION_LEVEL = "-Onone";
				TARGETED_DEVICE_FAMILY = "1,2";
			};
			name = Debug;
		};
		94FE84501EEF434B007DC2F9 /* Release */ = {
			isa = XCBuildConfiguration;
			buildSettings = {
				ALWAYS_SEARCH_USER_PATHS = NO;
				CLANG_ANALYZER_NONNULL = YES;
				CLANG_ANALYZER_NUMBER_OBJECT_CONVERSION = YES_AGGRESSIVE;
				CLANG_CXX_LANGUAGE_STANDARD = "gnu++0x";
				CLANG_CXX_LIBRARY = "libc++";
				CLANG_ENABLE_MODULES = YES;
				CLANG_ENABLE_OBJC_ARC = YES;
				CLANG_WARN_BOOL_CONVERSION = YES;
				CLANG_WARN_CONSTANT_CONVERSION = YES;
				CLANG_WARN_DIRECT_OBJC_ISA_USAGE = YES_ERROR;
				CLANG_WARN_DOCUMENTATION_COMMENTS = YES;
				CLANG_WARN_EMPTY_BODY = YES;
				CLANG_WARN_ENUM_CONVERSION = YES;
				CLANG_WARN_INFINITE_RECURSION = YES;
				CLANG_WARN_INT_CONVERSION = YES;
				CLANG_WARN_OBJC_ROOT_CLASS = YES_ERROR;
				CLANG_WARN_SUSPICIOUS_MOVE = YES;
				CLANG_WARN_UNREACHABLE_CODE = YES;
				CLANG_WARN__DUPLICATE_METHOD_MATCH = YES;
				"CODE_SIGN_IDENTITY[sdk=iphoneos*]" = "iPhone Developer";
				COPY_PHASE_STRIP = NO;
				DEBUG_INFORMATION_FORMAT = "dwarf-with-dsym";
				ENABLE_NS_ASSERTIONS = NO;
				ENABLE_STRICT_OBJC_MSGSEND = YES;
				GCC_C_LANGUAGE_STANDARD = gnu99;
				GCC_NO_COMMON_BLOCKS = YES;
				GCC_WARN_64_TO_32_BIT_CONVERSION = YES;
				GCC_WARN_ABOUT_RETURN_TYPE = YES_ERROR;
				GCC_WARN_UNDECLARED_SELECTOR = YES;
				GCC_WARN_UNINITIALIZED_AUTOS = YES_AGGRESSIVE;
				GCC_WARN_UNUSED_FUNCTION = YES;
				GCC_WARN_UNUSED_VARIABLE = YES;
				IPHONEOS_DEPLOYMENT_TARGET = 10.3;
				MTL_ENABLE_DEBUG_INFO = NO;
				SDKROOT = iphoneos;
				SWIFT_OPTIMIZATION_LEVEL = "-Owholemodule";
				TARGETED_DEVICE_FAMILY = "1,2";
				VALIDATE_PRODUCT = YES;
			};
			name = Release;
		};
		94FE84521EEF434B007DC2F9 /* Debug */ = {
			isa = XCBuildConfiguration;
			baseConfigurationReference = 44F084BED1EDB7F79F2120A4 /* Pods-SocialApp.debug.xcconfig */;
			buildSettings = {
				ASSETCATALOG_COMPILER_APPICON_NAME = AppIcon;
				DEVELOPMENT_TEAM = 8N7923E3UN;
				INFOPLIST_FILE = SocialApp/Info.plist;
				LD_RUNPATH_SEARCH_PATHS = "$(inherited) @executable_path/Frameworks";
				PRODUCT_BUNDLE_IDENTIFIER = com.Sphexis.SocialApp;
				PRODUCT_NAME = "$(TARGET_NAME)";
				SWIFT_VERSION = 3.0;
			};
			name = Debug;
		};
		94FE84531EEF434B007DC2F9 /* Release */ = {
			isa = XCBuildConfiguration;
			baseConfigurationReference = E83762088018FD4D4069F7E4 /* Pods-SocialApp.release.xcconfig */;
			buildSettings = {
				ASSETCATALOG_COMPILER_APPICON_NAME = AppIcon;
				DEVELOPMENT_TEAM = 8N7923E3UN;
				INFOPLIST_FILE = SocialApp/Info.plist;
				LD_RUNPATH_SEARCH_PATHS = "$(inherited) @executable_path/Frameworks";
				PRODUCT_BUNDLE_IDENTIFIER = com.Sphexis.SocialApp;
				PRODUCT_NAME = "$(TARGET_NAME)";
				SWIFT_VERSION = 3.0;
			};
			name = Release;
		};
		94FE84551EEF434B007DC2F9 /* Debug */ = {
			isa = XCBuildConfiguration;
			baseConfigurationReference = 8FBCCF93617219C8440105BF /* Pods-SocialAppTests.debug.xcconfig */;
			buildSettings = {
				ALWAYS_EMBED_SWIFT_STANDARD_LIBRARIES = YES;
				BUNDLE_LOADER = "$(TEST_HOST)";
				DEVELOPMENT_TEAM = 8N7923E3UN;
				INFOPLIST_FILE = SocialAppTests/Info.plist;
				LD_RUNPATH_SEARCH_PATHS = "$(inherited) @executable_path/Frameworks @loader_path/Frameworks";
				PRODUCT_BUNDLE_IDENTIFIER = com.Sphexis.SocialAppTests;
				PRODUCT_NAME = "$(TARGET_NAME)";
				SWIFT_VERSION = 3.0;
				TEST_HOST = "$(BUILT_PRODUCTS_DIR)/SocialApp.app/SocialApp";
			};
			name = Debug;
		};
		94FE84561EEF434B007DC2F9 /* Release */ = {
			isa = XCBuildConfiguration;
			baseConfigurationReference = 3A9864DDAF5F650925EC412D /* Pods-SocialAppTests.release.xcconfig */;
			buildSettings = {
				ALWAYS_EMBED_SWIFT_STANDARD_LIBRARIES = YES;
				BUNDLE_LOADER = "$(TEST_HOST)";
				DEVELOPMENT_TEAM = 8N7923E3UN;
				INFOPLIST_FILE = SocialAppTests/Info.plist;
				LD_RUNPATH_SEARCH_PATHS = "$(inherited) @executable_path/Frameworks @loader_path/Frameworks";
				PRODUCT_BUNDLE_IDENTIFIER = com.Sphexis.SocialAppTests;
				PRODUCT_NAME = "$(TARGET_NAME)";
				SWIFT_VERSION = 3.0;
				TEST_HOST = "$(BUILT_PRODUCTS_DIR)/SocialApp.app/SocialApp";
			};
			name = Release;
		};
		94FE84581EEF434B007DC2F9 /* Debug */ = {
			isa = XCBuildConfiguration;
			baseConfigurationReference = 1FA2307ECDDFD017D390D42B /* Pods-SocialAppUITests.debug.xcconfig */;
			buildSettings = {
				ALWAYS_EMBED_SWIFT_STANDARD_LIBRARIES = YES;
				DEVELOPMENT_TEAM = 8N7923E3UN;
				INFOPLIST_FILE = SocialAppUITests/Info.plist;
				LD_RUNPATH_SEARCH_PATHS = "$(inherited) @executable_path/Frameworks @loader_path/Frameworks";
				PRODUCT_BUNDLE_IDENTIFIER = com.Sphexis.SocialAppUITests;
				PRODUCT_NAME = "$(TARGET_NAME)";
				SWIFT_VERSION = 3.0;
				TEST_TARGET_NAME = SocialApp;
			};
			name = Debug;
		};
		94FE84591EEF434B007DC2F9 /* Release */ = {
			isa = XCBuildConfiguration;
			baseConfigurationReference = 9B116A95E9447352D1C27CEA /* Pods-SocialAppUITests.release.xcconfig */;
			buildSettings = {
				ALWAYS_EMBED_SWIFT_STANDARD_LIBRARIES = YES;
				DEVELOPMENT_TEAM = 8N7923E3UN;
				INFOPLIST_FILE = SocialAppUITests/Info.plist;
				LD_RUNPATH_SEARCH_PATHS = "$(inherited) @executable_path/Frameworks @loader_path/Frameworks";
				PRODUCT_BUNDLE_IDENTIFIER = com.Sphexis.SocialAppUITests;
				PRODUCT_NAME = "$(TARGET_NAME)";
				SWIFT_VERSION = 3.0;
				TEST_TARGET_NAME = SocialApp;
			};
			name = Release;
		};
/* End XCBuildConfiguration section */

/* Begin XCConfigurationList section */
		94FE84241EEF434B007DC2F9 /* Build configuration list for PBXProject "SocialApp" */ = {
			isa = XCConfigurationList;
			buildConfigurations = (
				94FE844F1EEF434B007DC2F9 /* Debug */,
				94FE84501EEF434B007DC2F9 /* Release */,
			);
			defaultConfigurationIsVisible = 0;
			defaultConfigurationName = Release;
		};
		94FE84511EEF434B007DC2F9 /* Build configuration list for PBXNativeTarget "SocialApp" */ = {
			isa = XCConfigurationList;
			buildConfigurations = (
				94FE84521EEF434B007DC2F9 /* Debug */,
				94FE84531EEF434B007DC2F9 /* Release */,
			);
			defaultConfigurationIsVisible = 0;
			defaultConfigurationName = Release;
		};
		94FE84541EEF434B007DC2F9 /* Build configuration list for PBXNativeTarget "SocialAppTests" */ = {
			isa = XCConfigurationList;
			buildConfigurations = (
				94FE84551EEF434B007DC2F9 /* Debug */,
				94FE84561EEF434B007DC2F9 /* Release */,
			);
			defaultConfigurationIsVisible = 0;
			defaultConfigurationName = Release;
		};
		94FE84571EEF434B007DC2F9 /* Build configuration list for PBXNativeTarget "SocialAppUITests" */ = {
			isa = XCConfigurationList;
			buildConfigurations = (
				94FE84581EEF434B007DC2F9 /* Debug */,
				94FE84591EEF434B007DC2F9 /* Release */,
			);
			defaultConfigurationIsVisible = 0;
			defaultConfigurationName = Release;
		};
/* End XCConfigurationList section */
	};
	rootObject = 94FE84211EEF434B007DC2F9 /* Project object */;
}
